
Microsoft Visual Studio Solution File, Format Version 12.00
# Visual Studio 15
VisualStudioVersion = 15.0.27428.2015
MinimumVisualStudioVersion = 10.0.40219.1
Project("{9A19103F-16F7-4668-BE54-9A1E7A4F7556}") = "ProductsManager.WebApi", "ProductsManager\ProductsManager.WebApi.csproj", "{E56AC16F-86BD-4EAD-87DD-CC8DE01AC82B}"
EndProject
Project("{9A19103F-16F7-4668-BE54-9A1E7A4F7556}") = "ProductsManager.Services", "ProductsManager.Services\ProductsManager.Services.csproj", "{64FC1653-923E-43E8-B2F9-3292A5BD663D}"
EndProject
Project("{9A19103F-16F7-4668-BE54-9A1E7A4F7556}") = "ProductsManager.DataAccess", "ProductsManager.DataAccess\ProductsManager.DataAccess.csproj", "{A625A640-1208-4EA8-A4CF-992003218CEC}"
EndProject
Project("{9A19103F-16F7-4668-BE54-9A1E7A4F7556}") = "ProductsManager.Models", "ProductsManager.Models\ProductsManager.Models.csproj", "{81C39A4B-AFF1-4711-9FC1-8D9759E37794}"
EndProject
Project("{930C7802-8A8C-48F9-8165-68863BCCD9DD}") = "ConsoleInstaller", "ConsoleInstaller\ConsoleInstaller.wixproj", "{7683542F-CFAA-4ED4-B64F-C72BB5903262}"
EndProject
Project("{FAE04EC0-301F-11D3-BF4B-00C04F79EFBC}") = "NugetRepository", "NugetRepository\NugetRepository.csproj", "{2E805275-AD79-4875-B1B5-9D7424B93E03}"
EndProject
Project("{9A19103F-16F7-4668-BE54-9A1E7A4F7556}") = "ApiClassLibrary", "ApiClassLibrary\ApiClassLibrary.csproj", "{A888ADAF-5A00-4861-BA1B-AD663101DC63}"
EndProject
Project("{FAE04EC0-301F-11D3-BF4B-00C04F79EFBC}") = "ProductManagerUnitTests", "ProductManagerUnitTests\ProductManagerUnitTests.csproj", "{D857F246-E6F3-4C9A-899A-ADD196F30BD6}"
EndProject
Global
	GlobalSection(SolutionConfigurationPlatforms) = preSolution
		Debug|Any CPU = Debug|Any CPU
		Debug|ARM = Debug|ARM
		Debug|x64 = Debug|x64
		Debug|x86 = Debug|x86
		Release|Any CPU = Release|Any CPU
		Release|ARM = Release|ARM
		Release|x64 = Release|x64
		Release|x86 = Release|x86
	EndGlobalSection
	GlobalSection(ProjectConfigurationPlatforms) = postSolution
		{E56AC16F-86BD-4EAD-87DD-CC8DE01AC82B}.Debug|Any CPU.ActiveCfg = Debug|Any CPU
		{E56AC16F-86BD-4EAD-87DD-CC8DE01AC82B}.Debug|Any CPU.Build.0 = Debug|Any CPU
		{E56AC16F-86BD-4EAD-87DD-CC8DE01AC82B}.Debug|ARM.ActiveCfg = Debug|Any CPU
		{E56AC16F-86BD-4EAD-87DD-CC8DE01AC82B}.Debug|ARM.Build.0 = Debug|Any CPU
		{E56AC16F-86BD-4EAD-87DD-CC8DE01AC82B}.Debug|x64.ActiveCfg = Debug|Any CPU
		{E56AC16F-86BD-4EAD-87DD-CC8DE01AC82B}.Debug|x64.Build.0 = Debug|Any CPU
		{E56AC16F-86BD-4EAD-87DD-CC8DE01AC82B}.Debug|x86.ActiveCfg = Debug|Any CPU
		{E56AC16F-86BD-4EAD-87DD-CC8DE01AC82B}.Debug|x86.Build.0 = Debug|Any CPU
		{E56AC16F-86BD-4EAD-87DD-CC8DE01AC82B}.Release|Any CPU.ActiveCfg = Release|Any CPU
		{E56AC16F-86BD-4EAD-87DD-CC8DE01AC82B}.Release|Any CPU.Build.0 = Release|Any CPU
		{E56AC16F-86BD-4EAD-87DD-CC8DE01AC82B}.Release|ARM.ActiveCfg = Release|Any CPU
		{E56AC16F-86BD-4EAD-87DD-CC8DE01AC82B}.Release|ARM.Build.0 = Release|Any CPU
		{E56AC16F-86BD-4EAD-87DD-CC8DE01AC82B}.Release|x64.ActiveCfg = Release|Any CPU
		{E56AC16F-86BD-4EAD-87DD-CC8DE01AC82B}.Release|x64.Build.0 = Release|Any CPU
		{E56AC16F-86BD-4EAD-87DD-CC8DE01AC82B}.Release|x86.ActiveCfg = Release|Any CPU
		{E56AC16F-86BD-4EAD-87DD-CC8DE01AC82B}.Release|x86.Build.0 = Release|Any CPU
		{64FC1653-923E-43E8-B2F9-3292A5BD663D}.Debug|Any CPU.ActiveCfg = Debug|Any CPU
		{64FC1653-923E-43E8-B2F9-3292A5BD663D}.Debug|Any CPU.Build.0 = Debug|Any CPU
		{64FC1653-923E-43E8-B2F9-3292A5BD663D}.Debug|ARM.ActiveCfg = Debug|Any CPU
		{64FC1653-923E-43E8-B2F9-3292A5BD663D}.Debug|ARM.Build.0 = Debug|Any CPU
		{64FC1653-923E-43E8-B2F9-3292A5BD663D}.Debug|x64.ActiveCfg = Debug|Any CPU
		{64FC1653-923E-43E8-B2F9-3292A5BD663D}.Debug|x64.Build.0 = Debug|Any CPU
		{64FC1653-923E-43E8-B2F9-3292A5BD663D}.Debug|x86.ActiveCfg = Debug|Any CPU
		{64FC1653-923E-43E8-B2F9-3292A5BD663D}.Debug|x86.Build.0 = Debug|Any CPU
		{64FC1653-923E-43E8-B2F9-3292A5BD663D}.Release|Any CPU.ActiveCfg = Release|Any CPU
		{64FC1653-923E-43E8-B2F9-3292A5BD663D}.Release|Any CPU.Build.0 = Release|Any CPU
		{64FC1653-923E-43E8-B2F9-3292A5BD663D}.Release|ARM.ActiveCfg = Release|Any CPU
		{64FC1653-923E-43E8-B2F9-3292A5BD663D}.Release|ARM.Build.0 = Release|Any CPU
		{64FC1653-923E-43E8-B2F9-3292A5BD663D}.Release|x64.ActiveCfg = Release|Any CPU
		{64FC1653-923E-43E8-B2F9-3292A5BD663D}.Release|x64.Build.0 = Release|Any CPU
		{64FC1653-923E-43E8-B2F9-3292A5BD663D}.Release|x86.ActiveCfg = Release|Any CPU
		{64FC1653-923E-43E8-B2F9-3292A5BD663D}.Release|x86.Build.0 = Release|Any CPU
		{A625A640-1208-4EA8-A4CF-992003218CEC}.Debug|Any CPU.ActiveCfg = Debug|Any CPU
		{A625A640-1208-4EA8-A4CF-992003218CEC}.Debug|Any CPU.Build.0 = Debug|Any CPU
		{A625A640-1208-4EA8-A4CF-992003218CEC}.Debug|ARM.ActiveCfg = Debug|Any CPU
		{A625A640-1208-4EA8-A4CF-992003218CEC}.Debug|ARM.Build.0 = Debug|Any CPU
		{A625A640-1208-4EA8-A4CF-992003218CEC}.Debug|x64.ActiveCfg = Debug|x64
		{A625A640-1208-4EA8-A4CF-992003218CEC}.Debug|x64.Build.0 = Debug|x64
		{A625A640-1208-4EA8-A4CF-992003218CEC}.Debug|x86.ActiveCfg = Debug|Any CPU
		{A625A640-1208-4EA8-A4CF-992003218CEC}.Debug|x86.Build.0 = Debug|Any CPU
		{A625A640-1208-4EA8-A4CF-992003218CEC}.Release|Any CPU.ActiveCfg = Release|Any CPU
		{A625A640-1208-4EA8-A4CF-992003218CEC}.Release|Any CPU.Build.0 = Release|Any CPU
		{A625A640-1208-4EA8-A4CF-992003218CEC}.Release|ARM.ActiveCfg = Release|Any CPU
		{A625A640-1208-4EA8-A4CF-992003218CEC}.Release|ARM.Build.0 = Release|Any CPU
		{A625A640-1208-4EA8-A4CF-992003218CEC}.Release|x64.ActiveCfg = Release|x64
		{A625A640-1208-4EA8-A4CF-992003218CEC}.Release|x64.Build.0 = Release|x64
		{A625A640-1208-4EA8-A4CF-992003218CEC}.Release|x86.ActiveCfg = Release|Any CPU
		{A625A640-1208-4EA8-A4CF-992003218CEC}.Release|x86.Build.0 = Release|Any CPU
		{81C39A4B-AFF1-4711-9FC1-8D9759E37794}.Debug|Any CPU.ActiveCfg = Debug|Any CPU
		{81C39A4B-AFF1-4711-9FC1-8D9759E37794}.Debug|Any CPU.Build.0 = Debug|Any CPU
		{81C39A4B-AFF1-4711-9FC1-8D9759E37794}.Debug|ARM.ActiveCfg = Debug|Any CPU
		{81C39A4B-AFF1-4711-9FC1-8D9759E37794}.Debug|ARM.Build.0 = Debug|Any CPU
		{81C39A4B-AFF1-4711-9FC1-8D9759E37794}.Debug|x64.ActiveCfg = Debug|Any CPU
		{81C39A4B-AFF1-4711-9FC1-8D9759E37794}.Debug|x64.Build.0 = Debug|Any CPU
		{81C39A4B-AFF1-4711-9FC1-8D9759E37794}.Debug|x86.ActiveCfg = Debug|Any CPU
		{81C39A4B-AFF1-4711-9FC1-8D9759E37794}.Debug|x86.Build.0 = Debug|Any CPU
		{81C39A4B-AFF1-4711-9FC1-8D9759E37794}.Release|Any CPU.ActiveCfg = Release|Any CPU
		{81C39A4B-AFF1-4711-9FC1-8D9759E37794}.Release|Any CPU.Build.0 = Release|Any CPU
		{81C39A4B-AFF1-4711-9FC1-8D9759E37794}.Release|ARM.ActiveCfg = Release|Any CPU
		{81C39A4B-AFF1-4711-9FC1-8D9759E37794}.Release|ARM.Build.0 = Release|Any CPU
		{81C39A4B-AFF1-4711-9FC1-8D9759E37794}.Release|x64.ActiveCfg = Release|Any CPU
		{81C39A4B-AFF1-4711-9FC1-8D9759E37794}.Release|x64.Build.0 = Release|Any CPU
		{81C39A4B-AFF1-4711-9FC1-8D9759E37794}.Release|x86.ActiveCfg = Release|Any CPU
		{81C39A4B-AFF1-4711-9FC1-8D9759E37794}.Release|x86.Build.0 = Release|Any CPU
		{7683542F-CFAA-4ED4-B64F-C72BB5903262}.Debug|Any CPU.ActiveCfg = Debug|x86
		{7683542F-CFAA-4ED4-B64F-C72BB5903262}.Debug|ARM.ActiveCfg = Debug|x86
		{7683542F-CFAA-4ED4-B64F-C72BB5903262}.Debug|x64.ActiveCfg = Debug|x86
		{7683542F-CFAA-4ED4-B64F-C72BB5903262}.Debug|x86.ActiveCfg = Debug|x86
		{7683542F-CFAA-4ED4-B64F-C72BB5903262}.Debug|x86.Build.0 = Debug|x86
		{7683542F-CFAA-4ED4-B64F-C72BB5903262}.Release|Any CPU.ActiveCfg = Release|x86
		{7683542F-CFAA-4ED4-B64F-C72BB5903262}.Release|ARM.ActiveCfg = Release|x86
		{7683542F-CFAA-4ED4-B64F-C72BB5903262}.Release|x64.ActiveCfg = Release|x86
		{7683542F-CFAA-4ED4-B64F-C72BB5903262}.Release|x86.ActiveCfg = Release|x86
		{7683542F-CFAA-4ED4-B64F-C72BB5903262}.Release|x86.Build.0 = Release|x86
		{2E805275-AD79-4875-B1B5-9D7424B93E03}.Debug|Any CPU.ActiveCfg = Debug|Any CPU
		{2E805275-AD79-4875-B1B5-9D7424B93E03}.Debug|Any CPU.Build.0 = Debug|Any CPU
		{2E805275-AD79-4875-B1B5-9D7424B93E03}.Debug|ARM.ActiveCfg = Debug|Any CPU
		{2E805275-AD79-4875-B1B5-9D7424B93E03}.Debug|ARM.Build.0 = Debug|Any CPU
		{2E805275-AD79-4875-B1B5-9D7424B93E03}.Debug|x64.ActiveCfg = Debug|Any CPU
		{2E805275-AD79-4875-B1B5-9D7424B93E03}.Debug|x64.Build.0 = Debug|Any CPU
		{2E805275-AD79-4875-B1B5-9D7424B93E03}.Debug|x86.ActiveCfg = Debug|Any CPU
		{2E805275-AD79-4875-B1B5-9D7424B93E03}.Debug|x86.Build.0 = Debug|Any CPU
		{2E805275-AD79-4875-B1B5-9D7424B93E03}.Release|Any CPU.ActiveCfg = Release|Any CPU
		{2E805275-AD79-4875-B1B5-9D7424B93E03}.Release|Any CPU.Build.0 = Release|Any CPU
		{2E805275-AD79-4875-B1B5-9D7424B93E03}.Release|ARM.ActiveCfg = Release|Any CPU
		{2E805275-AD79-4875-B1B5-9D7424B93E03}.Release|ARM.Build.0 = Release|Any CPU
		{2E805275-AD79-4875-B1B5-9D7424B93E03}.Release|x64.ActiveCfg = Release|Any CPU
		{2E805275-AD79-4875-B1B5-9D7424B93E03}.Release|x64.Build.0 = Release|Any CPU
		{2E805275-AD79-4875-B1B5-9D7424B93E03}.Release|x86.ActiveCfg = Release|Any CPU
		{2E805275-AD79-4875-B1B5-9D7424B93E03}.Release|x86.Build.0 = Release|Any CPU
		{A888ADAF-5A00-4861-BA1B-AD663101DC63}.Debug|Any CPU.ActiveCfg = Debug|Any CPU
		{A888ADAF-5A00-4861-BA1B-AD663101DC63}.Debug|Any CPU.Build.0 = Debug|Any CPU
		{A888ADAF-5A00-4861-BA1B-AD663101DC63}.Debug|ARM.ActiveCfg = Debug|Any CPU
		{A888ADAF-5A00-4861-BA1B-AD663101DC63}.Debug|ARM.Build.0 = Debug|Any CPU
		{A888ADAF-5A00-4861-BA1B-AD663101DC63}.Debug|x64.ActiveCfg = Debug|Any CPU
		{A888ADAF-5A00-4861-BA1B-AD663101DC63}.Debug|x64.Build.0 = Debug|Any CPU
		{A888ADAF-5A00-4861-BA1B-AD663101DC63}.Debug|x86.ActiveCfg = Debug|Any CPU
		{A888ADAF-5A00-4861-BA1B-AD663101DC63}.Debug|x86.Build.0 = Debug|Any CPU
		{A888ADAF-5A00-4861-BA1B-AD663101DC63}.Release|Any CPU.ActiveCfg = Release|Any CPU
		{A888ADAF-5A00-4861-BA1B-AD663101DC63}.Release|Any CPU.Build.0 = Release|Any CPU
		{A888ADAF-5A00-4861-BA1B-AD663101DC63}.Release|ARM.ActiveCfg = Release|Any CPU
		{A888ADAF-5A00-4861-BA1B-AD663101DC63}.Release|ARM.Build.0 = Release|Any CPU
		{A888ADAF-5A00-4861-BA1B-AD663101DC63}.Release|x64.ActiveCfg = Release|Any CPU
		{A888ADAF-5A00-4861-BA1B-AD663101DC63}.Release|x64.Build.0 = Release|Any CPU
		{A888ADAF-5A00-4861-BA1B-AD663101DC63}.Release|x86.ActiveCfg = Release|Any CPU
		{A888ADAF-5A00-4861-BA1B-AD663101DC63}.Release|x86.Build.0 = Release|Any CPU
		{D857F246-E6F3-4C9A-899A-ADD196F30BD6}.Debug|Any CPU.ActiveCfg = Debug|Any CPU
		{D857F246-E6F3-4C9A-899A-ADD196F30BD6}.Debug|Any CPU.Build.0 = Debug|Any CPU
		{D857F246-E6F3-4C9A-899A-ADD196F30BD6}.Debug|ARM.ActiveCfg = Debug|Any CPU
		{D857F246-E6F3-4C9A-899A-ADD196F30BD6}.Debug|ARM.Build.0 = Debug|Any CPU
		{D857F246-E6F3-4C9A-899A-ADD196F30BD6}.Debug|x64.ActiveCfg = Debug|Any CPU
		{D857F246-E6F3-4C9A-899A-ADD196F30BD6}.Debug|x64.Build.0 = Debug|Any CPU
		{D857F246-E6F3-4C9A-899A-ADD196F30BD6}.Debug|x86.ActiveCfg = Debug|Any CPU
		{D857F246-E6F3-4C9A-899A-ADD196F30BD6}.Debug|x86.Build.0 = Debug|Any CPU
		{D857F246-E6F3-4C9A-899A-ADD196F30BD6}.Release|Any CPU.ActiveCfg = Release|Any CPU
		{D857F246-E6F3-4C9A-899A-ADD196F30BD6}.Release|Any CPU.Build.0 = Release|Any CPU
		{D857F246-E6F3-4C9A-899A-ADD196F30BD6}.Release|ARM.ActiveCfg = Release|Any CPU
		{D857F246-E6F3-4C9A-899A-ADD196F30BD6}.Release|ARM.Build.0 = Release|Any CPU
		{D857F246-E6F3-4C9A-899A-ADD196F30BD6}.Release|x64.ActiveCfg = Release|Any CPU
		{D857F246-E6F3-4C9A-899A-ADD196F30BD6}.Release|x64.Build.0 = Release|Any CPU
		{D857F246-E6F3-4C9A-899A-ADD196F30BD6}.Release|x86.ActiveCfg = Release|Any CPU
		{D857F246-E6F3-4C9A-899A-ADD196F30BD6}.Release|x86.Build.0 = Release|Any CPU
	EndGlobalSection
	GlobalSection(SolutionProperties) = preSolution
		HideSolutionNode = FALSE
	EndGlobalSection
	GlobalSection(ExtensibilityGlobals) = postSolution
		SolutionGuid = {05E03D74-BCD3-4506-A9B0-4F05BE516617}
	EndGlobalSection
EndGlobal
