
Microsoft Visual Studio Solution File, Format Version 12.00
# Visual Studio 15
VisualStudioVersion = 15.0.27428.2015
MinimumVisualStudioVersion = 10.0.40219.1
Project("{FAE04EC0-301F-11D3-BF4B-00C04F79EFBC}") = "ProductManager", "ProductManager\ProductManager.csproj", "{7200C79B-2055-4FDF-B537-E04E696168C9}"
EndProject
Global
	GlobalSection(SolutionConfigurationPlatforms) = preSolution
		Debug|Any CPU = Debug|Any CPU
		Release|Any CPU = Release|Any CPU
	EndGlobalSection
	GlobalSection(ProjectConfigurationPlatforms) = postSolution
		{7200C79B-2055-4FDF-B537-E04E696168C9}.Debug|Any CPU.ActiveCfg = Debug|Any CPU
		{7200C79B-2055-4FDF-B537-E04E696168C9}.Debug|Any CPU.Build.0 = Debug|Any CPU
		{7200C79B-2055-4FDF-B537-E04E696168C9}.Release|Any CPU.ActiveCfg = Release|Any CPU
		{7200C79B-2055-4FDF-B537-E04E696168C9}.Release|Any CPU.Build.0 = Release|Any CPU
	EndGlobalSection
	GlobalSection(SolutionProperties) = preSolution
		HideSolutionNode = FALSE
	EndGlobalSection
	GlobalSection(ExtensibilityGlobals) = postSolution
		SolutionGuid = {6626C331-7421-4AF1-8A92-2F0DB20F10D5}
	EndGlobalSection
EndGlobal
